
Microsoft Visual Studio Solution File, Format Version 12.00
# Visual Studio Version 17
VisualStudioVersion = 17.5.33414.496
MinimumVisualStudioVersion = 10.0.40219.1
Project("{9A19103F-16F7-4668-BE54-9A1E7A4F7556}") = "ExamPracticalThree", "ExamPracticalThree\ExamPracticalThree.csproj", "{5D13B114-891E-4EAE-A0B0-ACA8578D1B74}"
EndProject
Project("{FAE04EC0-301F-11D3-BF4B-00C04F79EFBC}") = "Exam.DataAccess", "Exam.DataAccess\Exam.DataAccess.csproj", "{C3E1F691-2769-4779-B1E0-1FB00AF7B05E}"
EndProject
Project("{FAE04EC0-301F-11D3-BF4B-00C04F79EFBC}") = "Exam.Models", "Exam.Models\Exam.Models.csproj", "{EAA5A76A-200A-44C9-B033-16CA791059AD}"
EndProject
Global
	GlobalSection(SolutionConfigurationPlatforms) = preSolution
		Debug|Any CPU = Debug|Any CPU
		Release|Any CPU = Release|Any CPU
	EndGlobalSection
	GlobalSection(ProjectConfigurationPlatforms) = postSolution
		{5D13B114-891E-4EAE-A0B0-ACA8578D1B74}.Debug|Any CPU.ActiveCfg = Debug|Any CPU
		{5D13B114-891E-4EAE-A0B0-ACA8578D1B74}.Debug|Any CPU.Build.0 = Debug|Any CPU
		{5D13B114-891E-4EAE-A0B0-ACA8578D1B74}.Release|Any CPU.ActiveCfg = Release|Any CPU
		{5D13B114-891E-4EAE-A0B0-ACA8578D1B74}.Release|Any CPU.Build.0 = Release|Any CPU
		{C3E1F691-2769-4779-B1E0-1FB00AF7B05E}.Debug|Any CPU.ActiveCfg = Debug|Any CPU
		{C3E1F691-2769-4779-B1E0-1FB00AF7B05E}.Debug|Any CPU.Build.0 = Debug|Any CPU
		{C3E1F691-2769-4779-B1E0-1FB00AF7B05E}.Release|Any CPU.ActiveCfg = Release|Any CPU
		{C3E1F691-2769-4779-B1E0-1FB00AF7B05E}.Release|Any CPU.Build.0 = Release|Any CPU
		{EAA5A76A-200A-44C9-B033-16CA791059AD}.Debug|Any CPU.ActiveCfg = Debug|Any CPU
		{EAA5A76A-200A-44C9-B033-16CA791059AD}.Debug|Any CPU.Build.0 = Debug|Any CPU
		{EAA5A76A-200A-44C9-B033-16CA791059AD}.Release|Any CPU.ActiveCfg = Release|Any CPU
		{EAA5A76A-200A-44C9-B033-16CA791059AD}.Release|Any CPU.Build.0 = Release|Any CPU
	EndGlobalSection
	GlobalSection(SolutionProperties) = preSolution
		HideSolutionNode = FALSE
	EndGlobalSection
	GlobalSection(ExtensibilityGlobals) = postSolution
		SolutionGuid = {88AC0C2A-EA5B-4C71-BEC2-FDA24E8B9FDF}
	EndGlobalSection
EndGlobal
